
Microsoft Visual Studio Solution File, Format Version 12.00
# Visual Studio Version 16
VisualStudioVersion = 16.0.30503.244
MinimumVisualStudioVersion = 10.0.40219.1
Project("{9A19103F-16F7-4668-BE54-9A1E7A4F7556}") = "Event", "Event.csproj", "{DE8C7AF0-C085-4D94-8774-EF6D4A43AB73}"
EndProject
Global
	GlobalSection(SolutionConfigurationPlatforms) = preSolution
		Debug|Any CPU = Debug|Any CPU
		Release|Any CPU = Release|Any CPU
	EndGlobalSection
	GlobalSection(ProjectConfigurationPlatforms) = postSolution
		{DE8C7AF0-C085-4D94-8774-EF6D4A43AB73}.Debug|Any CPU.ActiveCfg = Debug|Any CPU
		{DE8C7AF0-C085-4D94-8774-EF6D4A43AB73}.Debug|Any CPU.Build.0 = Debug|Any CPU
		{DE8C7AF0-C085-4D94-8774-EF6D4A43AB73}.Release|Any CPU.ActiveCfg = Release|Any CPU
		{DE8C7AF0-C085-4D94-8774-EF6D4A43AB73}.Release|Any CPU.Build.0 = Release|Any CPU
	EndGlobalSection
	GlobalSection(SolutionProperties) = preSolution
		HideSolutionNode = FALSE
	EndGlobalSection
	GlobalSection(ExtensibilityGlobals) = postSolution
		SolutionGuid = {A6F6164B-3AF3-4B25-82AD-6A3CCA77F669}
	EndGlobalSection
EndGlobal
